<?xml version="1.0" encoding="utf-8"?>
<Project ToolsVersion="4.0" xmlns="http://schemas.microsoft.com/developer/msbuild/2003">
  <ItemGroup>
    <ClCompile Include="src\XREngine.cpp" />
    <ClCompile Include="src\XREntity.cpp" />
    <ClCompile Include="src\Main.cpp" />
    <ClCompile Include="src\imgui\imgui.cpp">
      <Filter>imgui</Filter>
    </ClCompile>
    <ClCompile Include="src\imgui\imgui_draw.cpp">
      <Filter>imgui</Filter>
    </ClCompile>
    <ClCompile Include="src\imgui\imgui_impl_glfw.cpp">
      <Filter>imgui</Filter>
    </ClCompile>
    <ClCompile Include="src\scene\ViewerScene\ViewerSceneGUI.cpp">
      <Filter>scene\ViewerScene</Filter>
    </ClCompile>
    <ClCompile Include="src\scene\ViewerScene\ViewerScene.cpp">
      <Filter>scene\ViewerScene</Filter>
    </ClCompile>
    <ClCompile Include="src\XRCamera.cpp" />
    <ClCompile Include="src\XRObject.cpp" />
    <ClCompile Include="src\XRDeivice.cpp" />
    <ClCompile Include="src\XRDebug.cpp" />
    <ClCompile Include="src\XRWidget.cpp" />
    <ClCompile Include="src\XRUserInterface.cpp" />
    <ClCompile Include="src\XRScene.cpp" />
    <ClCompile Include="src\widget\XRDebugOutputWindow.cpp">
      <Filter>widget</Filter>
    </ClCompile>
    <ClCompile Include="src\imgui\imgui_demo.cpp">
      <Filter>imgui</Filter>
    </ClCompile>
    <ClCompile Include="src\widget\XRStatusWindow.cpp">
      <Filter>widget</Filter>
    </ClCompile>
    <ClCompile Include="src\object\PointCloud.cpp">
      <Filter>object</Filter>
    </ClCompile>
    <ClCompile Include="src\utils\XRShaderUtils.cpp">
      <Filter>utils</Filter>
    </ClCompile>
    <ClCompile Include="src\utils\XRPointCloudUtils.cpp">
      <Filter>utils</Filter>
    </ClCompile>
    <ClCompile Include="src\widget\XRConsoleWindow.cpp">
      <Filter>widget</Filter>
    </ClCompile>
    <ClCompile Include="src\widget\XRConfigWindow.cpp">
      <Filter>widget</Filter>
    </ClCompile>
    <ClCompile Include="src\object\Kitchen.cpp">
      <Filter>object</Filter>
    </ClCompile>
    <ClCompile Include="src\utils\XRObjLoader.cpp">
      <Filter>utils</Filter>
    </ClCompile>
    <ClCompile Include="src\XREffect.cpp" />
    <ClCompile Include="src\effect\EffectPhongLightingGS.cpp">
      <Filter>effect</Filter>
    </ClCompile>
    <ClCompile Include="src\XRMesh.cpp" />
    <ClCompile Include="src\XRSound.cpp" />
    <ClCompile Include="src\XRSoundManager.cpp" />
    <ClCompile Include="src\gl3w\gl3w.c">
      <Filter>gl3w</Filter>
    </ClCompile>
    <ClCompile Include="src\object\BoxFluid.cpp">
      <Filter>object</Filter>
    </ClCompile>
    <ClCompile Include="src\simulation\SPHfluid\SPHSimulator.cpp">
      <Filter>simulation\SPHfluid</Filter>
    </ClCompile>
    <ClCompile Include="src\simulation\SPHfluid\MarchCube.cpp">
      <Filter>simulation\SPHfluid</Filter>
    </ClCompile>
    <ClCompile Include="src\simulation\SPHfluid\SpatialGrid.cpp">
      <Filter>simulation\SPHfluid</Filter>
    </ClCompile>
    <ClCompile Include="src\XRTexture.cpp" />
    <ClCompile Include="src\object\bunny.cpp">
      <Filter>object</Filter>
    </ClCompile>
    <ClCompile Include="src\effect\EffectTextureMapping.cpp">
      <Filter>effect</Filter>
    </ClCompile>
    <ClCompile Include="src\XRBrush.cpp" />
    <ClCompile Include="src\widget\XRSceneWindow.cpp">
      <Filter>widget</Filter>
    </ClCompile>
  </ItemGroup>
  <ItemGroup>
    <ClInclude Include="src\XREngine.h" />
    <ClInclude Include="src\XREntity.h" />
    <ClInclude Include="src\imgui\imconfig.h">
      <Filter>imgui</Filter>
    </ClInclude>
    <ClInclude Include="src\imgui\imgui.h">
      <Filter>imgui</Filter>
    </ClInclude>
    <ClInclude Include="src\imgui\imgui_internal.h">
      <Filter>imgui</Filter>
    </ClInclude>
    <ClInclude Include="src\imgui\stb_rect_pack.h">
      <Filter>imgui</Filter>
    </ClInclude>
    <ClInclude Include="src\imgui\stb_textedit.h">
      <Filter>imgui</Filter>
    </ClInclude>
    <ClInclude Include="src\imgui\stb_truetype.h">
      <Filter>imgui</Filter>
    </ClInclude>
    <ClInclude Include="src\imgui\imgui_impl_glfw.h">
      <Filter>imgui</Filter>
    </ClInclude>
    <ClInclude Include="src\scene\ViewerScene\ViewerScene.h">
      <Filter>scene\ViewerScene</Filter>
    </ClInclude>
    <ClInclude Include="src\scene\ViewerScene\ViewerSceneGUI.h">
      <Filter>scene\ViewerScene</Filter>
    </ClInclude>
    <ClInclude Include="src\XRCamera.h" />
    <ClInclude Include="src\XRObject.h" />
    <ClInclude Include="src\XRCommon.h" />
    <ClInclude Include="src\XRDevice.h" />
    <ClInclude Include="src\XRDebug.h" />
    <ClInclude Include="src\XRUserInterface.h" />
    <ClInclude Include="src\XRGLFW.h" />
    <ClInclude Include="src\XRIMUI.h" />
    <ClInclude Include="src\XRWidget.h" />
    <ClInclude Include="src\XRScene.h" />
    <ClInclude Include="src\widget\XRDebugOutputWindow.h">
      <Filter>widget</Filter>
    </ClInclude>
    <ClInclude Include="src\widget\XRStatusWindow.h">
      <Filter>widget</Filter>
    </ClInclude>
    <ClInclude Include="src\object\PointCloud.h">
      <Filter>object</Filter>
    </ClInclude>
    <ClInclude Include="src\utils\XRPointCloudUtils.h">
      <Filter>utils</Filter>
    </ClInclude>
    <ClInclude Include="src\utils\XRShaderUtils.h">
      <Filter>utils</Filter>
    </ClInclude>
    <ClInclude Include="src\widget\XRConfigWindow.h">
      <Filter>widget</Filter>
    </ClInclude>
    <ClInclude Include="src\widget\XRConsoleWindow.h">
      <Filter>widget</Filter>
    </ClInclude>
    <ClInclude Include="include\tinyobjloader\tiny_obj_loader.h">
      <Filter>tinyobjloader</Filter>
    </ClInclude>
    <ClInclude Include="src\shader\PhongLightingGS.h">
      <Filter>shader</Filter>
    </ClInclude>
    <ClInclude Include="src\object\Kitchen.h">
      <Filter>object</Filter>
    </ClInclude>
    <ClInclude Include="src\utils\XRObjLoader.h">
      <Filter>utils</Filter>
    </ClInclude>
    <ClInclude Include="src\XRMaterial.h" />
    <ClInclude Include="src\XREffect.h" />
    <ClInclude Include="src\XRComponent.h" />
    <ClInclude Include="src\XRTransform.h" />
    <ClInclude Include="src\effect\EffectPhongLightingGS.h">
      <Filter>effect</Filter>
    </ClInclude>
    <ClInclude Include="src\XRMesh.h" />
    <ClInclude Include="src\XRLight.h" />
    <ClInclude Include="src\XRComponentType.h" />
    <ClInclude Include="src\XRSound.h" />
    <ClInclude Include="src\XRSoundManager.h" />
    <ClInclude Include="src\utils\misc.h">
      <Filter>utils</Filter>
    </ClInclude>
    <ClInclude Include="src\gl3w\gl3w.h">
      <Filter>gl3w</Filter>
    </ClInclude>
    <ClInclude Include="src\gl3w\glcorearb.h">
      <Filter>gl3w</Filter>
    </ClInclude>
    <ClInclude Include="src\object\BoxFluid.h">
      <Filter>object</Filter>
    </ClInclude>
    <ClInclude Include="src\simulation\SPHfluid\SPHCommon.h">
      <Filter>simulation\SPHfluid</Filter>
    </ClInclude>
    <ClInclude Include="src\simulation\SPHfluid\SPHMath.h">
      <Filter>simulation\SPHfluid</Filter>
    </ClInclude>
    <ClInclude Include="src\simulation\SPHfluid\SPHSimulator.h">
      <Filter>simulation\SPHfluid</Filter>
    </ClInclude>
    <ClInclude Include="src\simulation\SPHfluid\MarchCube.h">
      <Filter>simulation\SPHfluid</Filter>
    </ClInclude>
    <ClInclude Include="src\simulation\SPHfluid\SpatialGrid.h">
      <Filter>simulation\SPHfluid</Filter>
    </ClInclude>
    <ClInclude Include="src\XRTexture.h" />
    <ClInclude Include="src\object\bunny.h">
      <Filter>object</Filter>
    </ClInclude>
    <ClInclude Include="src\effect\EffectTextureMapping.h">
      <Filter>effect</Filter>
    </ClInclude>
    <ClInclude Include="src\XRBrush.h" />
    <ClInclude Include="src\widget\XRSceneWindow.h">
      <Filter>widget</Filter>
    </ClInclude>
  </ItemGroup>
  <ItemGroup>
    <Filter Include="imgui">
      <UniqueIdentifier>{0a3cc416-6b7f-4e7d-9866-2d2a2117375b}</UniqueIdentifier>
    </Filter>
    <Filter Include="scene">
      <UniqueIdentifier>{94824fcf-9fe1-4c26-8428-a94355a8f04c}</UniqueIdentifier>
    </Filter>
    <Filter Include="scene\ViewerScene">
      <UniqueIdentifier>{bccf866f-7597-4615-b7f4-abb949f19b0d}</UniqueIdentifier>
    </Filter>
    <Filter Include="object">
      <UniqueIdentifier>{cd7c82b7-da9b-4dd1-a31e-06f1f16977ff}</UniqueIdentifier>
    </Filter>
    <Filter Include="widget">
      <UniqueIdentifier>{30f8b9a2-bed1-421e-8595-4f317af16f3d}</UniqueIdentifier>
    </Filter>
    <Filter Include="utils">
      <UniqueIdentifier>{98932566-7fd5-40e5-a144-17d9a4422d43}</UniqueIdentifier>
    </Filter>
    <Filter Include="tinyobjloader">
      <UniqueIdentifier>{8b99ea2b-8dea-4125-89ed-9023db21e2e0}</UniqueIdentifier>
    </Filter>
    <Filter Include="shader">
      <UniqueIdentifier>{306ac7f8-abbc-43a7-8ed9-d460a5956adf}</UniqueIdentifier>
    </Filter>
    <Filter Include="effect">
      <UniqueIdentifier>{aae214d1-6c83-4a34-bae8-2b4413584ee2}</UniqueIdentifier>
    </Filter>
    <Filter Include="gl3w">
      <UniqueIdentifier>{1e54abfb-e48f-4e30-92b6-8405a4270e33}</UniqueIdentifier>
    </Filter>
    <Filter Include="simulation">
      <UniqueIdentifier>{47c6cd69-cc8d-4823-9c91-d745a39b3a68}</UniqueIdentifier>
    </Filter>
    <Filter Include="simulation\SPHfluid">
      <UniqueIdentifier>{97a39fc8-4aa0-4c97-8c32-5edeced60263}</UniqueIdentifier>
    </Filter>
  </ItemGroup>
</Project>