<?xml version="1.0" encoding="utf-8"?>
<Project ToolsVersion="4.0" xmlns="http://schemas.microsoft.com/developer/msbuild/2003">
  <ItemGroup>
    <ClCompile Include="src\XREngine.cpp" />
    <ClCompile Include="src\XREntity.cpp" />
    <ClCompile Include="src\Main.cpp" />
    <ClCompile Include="src\imgui\imgui.cpp">
      <Filter>imgui</Filter>
    </ClCompile>
    <ClCompile Include="src\imgui\imgui_draw.cpp">
      <Filter>imgui</Filter>
    </ClCompile>
    <ClCompile Include="src\gl3w\gl3w.c">
      <Filter>gl3w</Filter>
    </ClCompile>
    <ClCompile Include="src\imgui\imgui_impl_glfw.cpp">
      <Filter>imgui</Filter>
    </ClCompile>
    <ClCompile Include="src\scene\ViewerScene\ViewerSceneGUI.cpp">
      <Filter>scene\ViewerScene</Filter>
    </ClCompile>
    <ClCompile Include="src\scene\ViewerScene\ViewerScene.cpp">
      <Filter>scene\ViewerScene</Filter>
    </ClCompile>
    <ClCompile Include="src\entity\RotatingTriangle.cpp">
      <Filter>entity</Filter>
    </ClCompile>
  </ItemGroup>
  <ItemGroup>
    <ClInclude Include="src\XREngine.h" />
    <ClInclude Include="src\XREntity.h" />
    <ClInclude Include="src\imgui\imconfig.h">
      <Filter>imgui</Filter>
    </ClInclude>
    <ClInclude Include="src\imgui\imgui.h">
      <Filter>imgui</Filter>
    </ClInclude>
    <ClInclude Include="src\imgui\imgui_internal.h">
      <Filter>imgui</Filter>
    </ClInclude>
    <ClInclude Include="src\imgui\stb_rect_pack.h">
      <Filter>imgui</Filter>
    </ClInclude>
    <ClInclude Include="src\imgui\stb_textedit.h">
      <Filter>imgui</Filter>
    </ClInclude>
    <ClInclude Include="src\imgui\stb_truetype.h">
      <Filter>imgui</Filter>
    </ClInclude>
    <ClInclude Include="src\gl3w\gl3w.h">
      <Filter>gl3w</Filter>
    </ClInclude>
    <ClInclude Include="src\gl3w\glcorearb.h">
      <Filter>gl3w</Filter>
    </ClInclude>
    <ClInclude Include="src\imgui\imgui_impl_glfw.h">
      <Filter>imgui</Filter>
    </ClInclude>
    <ClInclude Include="src\scene\ViewerScene\ViewerScene.h">
      <Filter>scene\ViewerScene</Filter>
    </ClInclude>
    <ClInclude Include="src\scene\ViewerScene\ViewerSceneGUI.h">
      <Filter>scene\ViewerScene</Filter>
    </ClInclude>
    <ClInclude Include="src\entity\RotatingTriangle.h">
      <Filter>entity</Filter>
    </ClInclude>
  </ItemGroup>
  <ItemGroup>
    <Filter Include="imgui">
      <UniqueIdentifier>{0a3cc416-6b7f-4e7d-9866-2d2a2117375b}</UniqueIdentifier>
    </Filter>
    <Filter Include="gl3w">
      <UniqueIdentifier>{fd814a90-ea64-444d-8c76-66564ec290ee}</UniqueIdentifier>
    </Filter>
    <Filter Include="scene">
      <UniqueIdentifier>{94824fcf-9fe1-4c26-8428-a94355a8f04c}</UniqueIdentifier>
    </Filter>
    <Filter Include="scene\ViewerScene">
      <UniqueIdentifier>{bccf866f-7597-4615-b7f4-abb949f19b0d}</UniqueIdentifier>
    </Filter>
    <Filter Include="entity">
      <UniqueIdentifier>{6ee1995e-a078-40e7-91fc-a524838f1387}</UniqueIdentifier>
    </Filter>
  </ItemGroup>
</Project>